
Microsoft Visual Studio Solution File, Format Version 12.00
# Visual Studio Version 17
VisualStudioVersion = 17.7.34031.279
MinimumVisualStudioVersion = 10.0.40219.1
Project("{FAE04EC0-301F-11D3-BF4B-00C04F79EFBC}") = "edu.Ejercicio1.2410", "edu.Ejercicio1.2410.csproj", "{8D8E5962-73D7-4C72-AE42-CDC45EA6C492}"
EndProject
Global
	GlobalSection(SolutionConfigurationPlatforms) = preSolution
		Debug|Any CPU = Debug|Any CPU
		Release|Any CPU = Release|Any CPU
	EndGlobalSection
	GlobalSection(ProjectConfigurationPlatforms) = postSolution
		{8D8E5962-73D7-4C72-AE42-CDC45EA6C492}.Debug|Any CPU.ActiveCfg = Debug|Any CPU
		{8D8E5962-73D7-4C72-AE42-CDC45EA6C492}.Debug|Any CPU.Build.0 = Debug|Any CPU
		{8D8E5962-73D7-4C72-AE42-CDC45EA6C492}.Release|Any CPU.ActiveCfg = Release|Any CPU
		{8D8E5962-73D7-4C72-AE42-CDC45EA6C492}.Release|Any CPU.Build.0 = Release|Any CPU
	EndGlobalSection
	GlobalSection(SolutionProperties) = preSolution
		HideSolutionNode = FALSE
	EndGlobalSection
	GlobalSection(ExtensibilityGlobals) = postSolution
		SolutionGuid = {9512F919-272F-491C-9D40-9B667903EB9F}
	EndGlobalSection
EndGlobal
